// !$*UTF8*$!
{
	archiveVersion = 1;
	classes = {
	};
	objectVersion = 50;
	objects = {

/* Begin PBXBuildFile section */
		8D3EBF4322AB090E00930AEF /* AppDelegate.swift in Sources */ = {isa = PBXBuildFile; fileRef = 8D3EBF4222AB090E00930AEF /* AppDelegate.swift */; };
		8D3EBF4822AB090E00930AEF /* Main.storyboard in Resources */ = {isa = PBXBuildFile; fileRef = 8D3EBF4622AB090E00930AEF /* Main.storyboard */; };
		8D3EBF4B22AB090E00930AEF /* Hello_World.xcdatamodeld in Sources */ = {isa = PBXBuildFile; fileRef = 8D3EBF4922AB090E00930AEF /* Hello_World.xcdatamodeld */; };
		8D3EBF4D22AB090F00930AEF /* Assets.xcassets in Resources */ = {isa = PBXBuildFile; fileRef = 8D3EBF4C22AB090F00930AEF /* Assets.xcassets */; };
		8D3EBF5022AB090F00930AEF /* LaunchScreen.storyboard in Resources */ = {isa = PBXBuildFile; fileRef = 8D3EBF4E22AB090F00930AEF /* LaunchScreen.storyboard */; };
		8D3EBF5B22AB090F00930AEF /* Hello_WorldUITests.swift in Sources */ = {isa = PBXBuildFile; fileRef = 8D3EBF5A22AB090F00930AEF /* Hello_WorldUITests.swift */; };
		8D3EBF6622AB11BA00930AEF /* HelloWorldViewController.swift in Sources */ = {isa = PBXBuildFile; fileRef = 8D3EBF6522AB11BA00930AEF /* HelloWorldViewController.swift */; };
/* End PBXBuildFile section */

/* Begin PBXContainerItemProxy section */
		8D3EBF5722AB090F00930AEF /* PBXContainerItemProxy */ = {
			isa = PBXContainerItemProxy;
			containerPortal = 8D3EBF3722AB090E00930AEF /* Project object */;
			proxyType = 1;
			remoteGlobalIDString = 8D3EBF3E22AB090E00930AEF;
			remoteInfo = "Hello World";
		};
/* End PBXContainerItemProxy section */

/* Begin PBXFileReference section */
		8D3EBF3F22AB090E00930AEF /* Hello World.app */ = {isa = PBXFileReference; explicitFileType = wrapper.application; includeInIndex = 0; path = "Hello World.app"; sourceTree = BUILT_PRODUCTS_DIR; };
		8D3EBF4222AB090E00930AEF /* AppDelegate.swift */ = {isa = PBXFileReference; lastKnownFileType = sourcecode.swift; path = AppDelegate.swift; sourceTree = "<group>"; };
		8D3EBF4722AB090E00930AEF /* Base */ = {isa = PBXFileReference; lastKnownFileType = file.storyboard; name = Base; path = Base.lproj/Main.storyboard; sourceTree = "<group>"; };
		8D3EBF4A22AB090E00930AEF /* Hello_World.xcdatamodel */ = {isa = PBXFileReference; lastKnownFileType = wrapper.xcdatamodel; path = Hello_World.xcdatamodel; sourceTree = "<group>"; };
		8D3EBF4C22AB090F00930AEF /* Assets.xcassets */ = {isa = PBXFileReference; lastKnownFileType = folder.assetcatalog; path = Assets.xcassets; sourceTree = "<group>"; };
		8D3EBF4F22AB090F00930AEF /* Base */ = {isa = PBXFileReference; lastKnownFileType = file.storyboard; name = Base; path = Base.lproj/LaunchScreen.storyboard; sourceTree = "<group>"; };
		8D3EBF5122AB090F00930AEF /* Info.plist */ = {isa = PBXFileReference; lastKnownFileType = text.plist.xml; path = Info.plist; sourceTree = "<group>"; };
		8D3EBF5622AB090F00930AEF /* Hello WorldUITests.xctest */ = {isa = PBXFileReference; explicitFileType = wrapper.cfbundle; includeInIndex = 0; path = "Hello WorldUITests.xctest"; sourceTree = BUILT_PRODUCTS_DIR; };
		8D3EBF5A22AB090F00930AEF /* Hello_WorldUITests.swift */ = {isa = PBXFileReference; lastKnownFileType = sourcecode.swift; path = Hello_WorldUITests.swift; sourceTree = "<group>"; };
		8D3EBF5C22AB090F00930AEF /* Info.plist */ = {isa = PBXFileReference; lastKnownFileType = text.plist.xml; path = Info.plist; sourceTree = "<group>"; };
		8D3EBF6522AB11BA00930AEF /* HelloWorldViewController.swift */ = {isa = PBXFileReference; lastKnownFileType = sourcecode.swift; path = HelloWorldViewController.swift; sourceTree = "<group>"; };
/* End PBXFileReference section */

/* Begin PBXFrameworksBuildPhase section */
		8D3EBF3C22AB090E00930AEF /* Frameworks */ = {
			isa = PBXFrameworksBuildPhase;
			buildActionMask = 2147483647;
			files = (
			);
			runOnlyForDeploymentPostprocessing = 0;
		};
		8D3EBF5322AB090F00930AEF /* Frameworks */ = {
			isa = PBXFrameworksBuildPhase;
			buildActionMask = 2147483647;
			files = (
			);
			runOnlyForDeploymentPostprocessing = 0;
		};
/* End PBXFrameworksBuildPhase section */

/* Begin PBXGroup section */
		8D3EBF3622AB090E00930AEF = {
			isa = PBXGroup;
			children = (
				8D3EBF4122AB090E00930AEF /* Hello World */,
				8D3EBF5922AB090F00930AEF /* Hello WorldUITests */,
				8D3EBF4022AB090E00930AEF /* Products */,
			);
			sourceTree = "<group>";
		};
		8D3EBF4022AB090E00930AEF /* Products */ = {
			isa = PBXGroup;
			children = (
				8D3EBF3F22AB090E00930AEF /* Hello World.app */,
				8D3EBF5622AB090F00930AEF /* Hello WorldUITests.xctest */,
			);
			name = Products;
			sourceTree = "<group>";
		};
		8D3EBF4122AB090E00930AEF /* Hello World */ = {
			isa = PBXGroup;
			children = (
				8D3EBF4222AB090E00930AEF /* AppDelegate.swift */,
				8D3EBF4622AB090E00930AEF /* Main.storyboard */,
				8D3EBF6522AB11BA00930AEF /* HelloWorldViewController.swift */,
				8D3EBF4C22AB090F00930AEF /* Assets.xcassets */,
				8D3EBF4E22AB090F00930AEF /* LaunchScreen.storyboard */,
				8D3EBF5122AB090F00930AEF /* Info.plist */,
				8D3EBF4922AB090E00930AEF /* Hello_World.xcdatamodeld */,
			);
			path = "Hello World";
			sourceTree = "<group>";
		};
		8D3EBF5922AB090F00930AEF /* Hello WorldUITests */ = {
			isa = PBXGroup;
			children = (
				8D3EBF5A22AB090F00930AEF /* Hello_WorldUITests.swift */,
				8D3EBF5C22AB090F00930AEF /* Info.plist */,
			);
			path = "Hello WorldUITests";
			sourceTree = "<group>";
		};
/* End PBXGroup section */

/* Begin PBXNativeTarget section */
		8D3EBF3E22AB090E00930AEF /* Hello World */ = {
			isa = PBXNativeTarget;
			buildConfigurationList = 8D3EBF5F22AB090F00930AEF /* Build configuration list for PBXNativeTarget "Hello World" */;
			buildPhases = (
				8D3EBF3B22AB090E00930AEF /* Sources */,
				8D3EBF3C22AB090E00930AEF /* Frameworks */,
				8D3EBF3D22AB090E00930AEF /* Resources */,
			);
			buildRules = (
			);
			dependencies = (
			);
			name = "Hello World";
			productName = "Hello World";
			productReference = 8D3EBF3F22AB090E00930AEF /* Hello World.app */;
			productType = "com.apple.product-type.application";
		};
		8D3EBF5522AB090F00930AEF /* Hello WorldUITests */ = {
			isa = PBXNativeTarget;
			buildConfigurationList = 8D3EBF6222AB090F00930AEF /* Build configuration list for PBXNativeTarget "Hello WorldUITests" */;
			buildPhases = (
				8D3EBF5222AB090F00930AEF /* Sources */,
				8D3EBF5322AB090F00930AEF /* Frameworks */,
				8D3EBF5422AB090F00930AEF /* Resources */,
			);
			buildRules = (
			);
			dependencies = (
				8D3EBF5822AB090F00930AEF /* PBXTargetDependency */,
			);
			name = "Hello WorldUITests";
			productName = "Hello WorldUITests";
			productReference = 8D3EBF5622AB090F00930AEF /* Hello WorldUITests.xctest */;
			productType = "com.apple.product-type.bundle.ui-testing";
		};
/* End PBXNativeTarget section */

/* Begin PBXProject section */
		8D3EBF3722AB090E00930AEF /* Project object */ = {
			isa = PBXProject;
			attributes = {
				LastSwiftUpdateCheck = 1020;
				LastUpgradeCheck = 1020;
				ORGANIZATIONNAME = "Henry Sills";
				TargetAttributes = {
					8D3EBF3E22AB090E00930AEF = {
						CreatedOnToolsVersion = 10.2.1;
					};
					8D3EBF5522AB090F00930AEF = {
						CreatedOnToolsVersion = 10.2.1;
						TestTargetID = 8D3EBF3E22AB090E00930AEF;
					};
				};
			};
			buildConfigurationList = 8D3EBF3A22AB090E00930AEF /* Build configuration list for PBXProject "Hello World" */;
			compatibilityVersion = "Xcode 9.3";
			developmentRegion = en;
			hasScannedForEncodings = 0;
			knownRegions = (
				en,
				Base,
			);
			mainGroup = 8D3EBF3622AB090E00930AEF;
			productRefGroup = 8D3EBF4022AB090E00930AEF /* Products */;
			projectDirPath = "";
			projectRoot = "";
			targets = (
				8D3EBF3E22AB090E00930AEF /* Hello World */,
				8D3EBF5522AB090F00930AEF /* Hello WorldUITests */,
			);
		};
/* End PBXProject section */

/* Begin PBXResourcesBuildPhase section */
		8D3EBF3D22AB090E00930AEF /* Resources */ = {
			isa = PBXResourcesBuildPhase;
			buildActionMask = 2147483647;
			files = (
				8D3EBF5022AB090F00930AEF /* LaunchScreen.storyboard in Resources */,
				8D3EBF4D22AB090F00930AEF /* Assets.xcassets in Resources */,
				8D3EBF4822AB090E00930AEF /* Main.storyboard in Resources */,
			);
			runOnlyForDeploymentPostprocessing = 0;
		};
		8D3EBF5422AB090F00930AEF /* Resources */ = {
			isa = PBXResourcesBuildPhase;
			buildActionMask = 2147483647;
			files = (
			);
			runOnlyForDeploymentPostprocessing = 0;
		};
/* End PBXResourcesBuildPhase section */

/* Begin PBXSourcesBuildPhase section */
		8D3EBF3B22AB090E00930AEF /* Sources */ = {
			isa = PBXSourcesBuildPhase;
			buildActionMask = 2147483647;
			files = (
				8D3EBF4B22AB090E00930AEF /* Hello_World.xcdatamodeld in Sources */,
				8D3EBF4322AB090E00930AEF /* AppDelegate.swift in Sources */,
				8D3EBF6622AB11BA00930AEF /* HelloWorldViewController.swift in Sources */,
			);
			runOnlyForDeploymentPostprocessing = 0;
		};
		8D3EBF5222AB090F00930AEF /* Sources */ = {
			isa = PBXSourcesBuildPhase;
			buildActionMask = 2147483647;
			files = (
				8D3EBF5B22AB090F00930AEF /* Hello_WorldUITests.swift in Sources */,
			);
			runOnlyForDeploymentPostprocessing = 0;
		};
/* End PBXSourcesBuildPhase section */

/* Begin PBXTargetDependency section */
		8D3EBF5822AB090F00930AEF /* PBXTargetDependency */ = {
			isa = PBXTargetDependency;
			target = 8D3EBF3E22AB090E00930AEF /* Hello World */;
			targetProxy = 8D3EBF5722AB090F00930AEF /* PBXContainerItemProxy */;
		};
/* End PBXTargetDependency section */

/* Begin PBXVariantGroup section */
		8D3EBF4622AB090E00930AEF /* Main.storyboard */ = {
			isa = PBXVariantGroup;
			children = (
				8D3EBF4722AB090E00930AEF /* Base */,
			);
			name = Main.storyboard;
			sourceTree = "<group>";
		};
		8D3EBF4E22AB090F00930AEF /* LaunchScreen.storyboard */ = {
			isa = PBXVariantGroup;
			children = (
				8D3EBF4F22AB090F00930AEF /* Base */,
			);
			name = LaunchScreen.storyboard;
			sourceTree = "<group>";
		};
/* End PBXVariantGroup section */

/* Begin XCBuildConfiguration section */
		8D3EBF5D22AB090F00930AEF /* Debug */ = {
			isa = XCBuildConfiguration;
			buildSettings = {
				ALWAYS_SEARCH_USER_PATHS = NO;
				CLANG_ANALYZER_NONNULL = YES;
				CLANG_ANALYZER_NUMBER_OBJECT_CONVERSION = YES_AGGRESSIVE;
				CLANG_CXX_LANGUAGE_STANDARD = "gnu++14";
				CLANG_CXX_LIBRARY = "libc++";
				CLANG_ENABLE_MODULES = YES;
				CLANG_ENABLE_OBJC_ARC = YES;
				CLANG_ENABLE_OBJC_WEAK = YES;
				CLANG_WARN_BLOCK_CAPTURE_AUTORELEASING = YES;
				CLANG_WARN_BOOL_CONVERSION = YES;
				CLANG_WARN_COMMA = YES;
				CLANG_WARN_CONSTANT_CONVERSION = YES;
				CLANG_WARN_DEPRECATED_OBJC_IMPLEMENTATIONS = YES;
				CLANG_WARN_DIRECT_OBJC_ISA_USAGE = YES_ERROR;
				CLANG_WARN_DOCUMENTATION_COMMENTS = YES;
				CLANG_WARN_EMPTY_BODY = YES;
				CLANG_WARN_ENUM_CONVERSION = YES;
				CLANG_WARN_INFINITE_RECURSION = YES;
				CLANG_WARN_INT_CONVERSION = YES;
				CLANG_WARN_NON_LITERAL_NULL_CONVERSION = YES;
				CLANG_WARN_OBJC_IMPLICIT_RETAIN_SELF = YES;
				CLANG_WARN_OBJC_LITERAL_CONVERSION = YES;
				CLANG_WARN_OBJC_ROOT_CLASS = YES_ERROR;
				CLANG_WARN_RANGE_LOOP_ANALYSIS = YES;
				CLANG_WARN_STRICT_PROTOTYPES = YES;
				CLANG_WARN_SUSPICIOUS_MOVE = YES;
				CLANG_WARN_UNGUARDED_AVAILABILITY = YES_AGGRESSIVE;
				CLANG_WARN_UNREACHABLE_CODE = YES;
				CLANG_WARN__DUPLICATE_METHOD_MATCH = YES;
				CODE_SIGN_IDENTITY = "iPhone Developer";
				COPY_PHASE_STRIP = NO;
				DEBUG_INFORMATION_FORMAT = dwarf;
				ENABLE_STRICT_OBJC_MSGSEND = YES;
				ENABLE_TESTABILITY = YES;
				GCC_C_LANGUAGE_STANDARD = gnu11;
				GCC_DYNAMIC_NO_PIC = NO;
				GCC_NO_COMMON_BLOCKS = YES;
				GCC_OPTIMIZATION_LEVEL = 0;
				GCC_PREPROCESSOR_DEFINITIONS = (
					"DEBUG=1",
					"$(inherited)",
				);
				GCC_WARN_64_TO_32_BIT_CONVERSION = YES;
				GCC_WARN_ABOUT_RETURN_TYPE = YES_ERROR;
				GCC_WARN_UNDECLARED_SELECTOR = YES;
				GCC_WARN_UNINITIALIZED_AUTOS = YES_AGGRESSIVE;
				GCC_WARN_UNUSED_FUNCTION = YES;
				GCC_WARN_UNUSED_VARIABLE = YES;
				IPHONEOS_DEPLOYMENT_TARGET = 12.2;
				MTL_ENABLE_DEBUG_INFO = INCLUDE_SOURCE;
				MTL_FAST_MATH = YES;
				ONLY_ACTIVE_ARCH = YES;
				SDKROOT = iphoneos;
				SWIFT_ACTIVE_COMPILATION_CONDITIONS = DEBUG;
				SWIFT_OPTIMIZATION_LEVEL = "-Onone";
			};
			name = Debug;
		};
		8D3EBF5E22AB090F00930AEF /* Release */ = {
			isa = XCBuildConfiguration;
			buildSettings = {
				ALWAYS_SEARCH_USER_PATHS = NO;
				CLANG_ANALYZER_NONNULL = YES;
				CLANG_ANALYZER_NUMBER_OBJECT_CONVERSION = YES_AGGRESSIVE;
				CLANG_CXX_LANGUAGE_STANDARD = "gnu++14";
				CLANG_CXX_LIBRARY = "libc++";
				CLANG_ENABLE_MODULES = YES;
				CLANG_ENABLE_OBJC_ARC = YES;
				CLANG_ENABLE_OBJC_WEAK = YES;
				CLANG_WARN_BLOCK_CAPTURE_AUTORELEASING = YES;
				CLANG_WARN_BOOL_CONVERSION = YES;
				CLANG_WARN_COMMA = YES;
				CLANG_WARN_CONSTANT_CONVERSION = YES;
				CLANG_WARN_DEPRECATED_OBJC_IMPLEMENTATIONS = YES;
				CLANG_WARN_DIRECT_OBJC_ISA_USAGE = YES_ERROR;
				CLANG_WARN_DOCUMENTATION_COMMENTS = YES;
				CLANG_WARN_EMPTY_BODY = YES;
				CLANG_WARN_ENUM_CONVERSION = YES;
				CLANG_WARN_INFINITE_RECURSION = YES;
				CLANG_WARN_INT_CONVERSION = YES;
				CLANG_WARN_NON_LITERAL_NULL_CONVERSION = YES;
				CLANG_WARN_OBJC_IMPLICIT_RETAIN_SELF = YES;
				CLANG_WARN_OBJC_LITERAL_CONVERSION = YES;
				CLANG_WARN_OBJC_ROOT_CLASS = YES_ERROR;
				CLANG_WARN_RANGE_LOOP_ANALYSIS = YES;
				CLANG_WARN_STRICT_PROTOTYPES = YES;
				CLANG_WARN_SUSPICIOUS_MOVE = YES;
				CLANG_WARN_UNGUARDED_AVAILABILITY = YES_AGGRESSIVE;
				CLANG_WARN_UNREACHABLE_CODE = YES;
				CLANG_WARN__DUPLICATE_METHOD_MATCH = YES;
				CODE_SIGN_IDENTITY = "iPhone Developer";
				COPY_PHASE_STRIP = NO;
				DEBUG_INFORMATION_FORMAT = "dwarf-with-dsym";
				ENABLE_NS_ASSERTIONS = NO;
				ENABLE_STRICT_OBJC_MSGSEND = YES;
				GCC_C_LANGUAGE_STANDARD = gnu11;
				GCC_NO_COMMON_BLOCKS = YES;
				GCC_WARN_64_TO_32_BIT_CONVERSION = YES;
				GCC_WARN_ABOUT_RETURN_TYPE = YES_ERROR;
				GCC_WARN_UNDECLARED_SELECTOR = YES;
				GCC_WARN_UNINITIALIZED_AUTOS = YES_AGGRESSIVE;
				GCC_WARN_UNUSED_FUNCTION = YES;
				GCC_WARN_UNUSED_VARIABLE = YES;
				IPHONEOS_DEPLOYMENT_TARGET = 12.2;
				MTL_ENABLE_DEBUG_INFO = NO;
				MTL_FAST_MATH = YES;
				SDKROOT = iphoneos;
				SWIFT_COMPILATION_MODE = wholemodule;
				SWIFT_OPTIMIZATION_LEVEL = "-O";
				VALIDATE_PRODUCT = YES;
			};
			name = Release;
		};
		8D3EBF6022AB090F00930AEF /* Debug */ = {
			isa = XCBuildConfiguration;
			buildSettings = {
				ASSETCATALOG_COMPILER_APPICON_NAME = AppIcon;
				CODE_SIGN_STYLE = Automatic;
				DEVELOPMENT_TEAM = 627YPSFA5B;
				INFOPLIST_FILE = "Hello World/Info.plist";
				LD_RUNPATH_SEARCH_PATHS = (
					"$(inherited)",
					"@executable_path/Frameworks",
				);
				PRODUCT_BUNDLE_IDENTIFIER = "edu.missouri.Hello-World";
				PRODUCT_NAME = "$(TARGET_NAME)";
				SWIFT_VERSION = 5.0;
				TARGETED_DEVICE_FAMILY = "1,2";
			};
			name = Debug;
		};
		8D3EBF6122AB090F00930AEF /* Release */ = {
			isa = XCBuildConfiguration;
			buildSettings = {
				ASSETCATALOG_COMPILER_APPICON_NAME = AppIcon;
				CODE_SIGN_STYLE = Automatic;
				DEVELOPMENT_TEAM = 627YPSFA5B;
				INFOPLIST_FILE = "Hello World/Info.plist";
				LD_RUNPATH_SEARCH_PATHS = (
					"$(inherited)",
					"@executable_path/Frameworks",
				);
				PRODUCT_BUNDLE_IDENTIFIER = "edu.missouri.Hello-World";
				PRODUCT_NAME = "$(TARGET_NAME)";
				SWIFT_VERSION = 5.0;
				TARGETED_DEVICE_FAMILY = "1,2";
			};
			name = Release;
		};
		8D3EBF6322AB090F00930AEF /* Debug */ = {
			isa = XCBuildConfiguration;
			buildSettings = {
				ALWAYS_EMBED_SWIFT_STANDARD_LIBRARIES = YES;
				CODE_SIGN_STYLE = Automatic;
				DEVELOPMENT_TEAM = 627YPSFA5B;
				INFOPLIST_FILE = "Hello WorldUITests/Info.plist";
				LD_RUNPATH_SEARCH_PATHS = (
					"$(inherited)",
					"@executable_path/Frameworks",
					"@loader_path/Frameworks",
				);
				PRODUCT_BUNDLE_IDENTIFIER = "edu.missouri.Hello-WorldUITests";
				PRODUCT_NAME = "$(TARGET_NAME)";
				SWIFT_VERSION = 5.0;
				TARGETED_DEVICE_FAMILY = "1,2";
				TEST_TARGET_NAME = "Hello World";
			};
			name = Debug;
		};
		8D3EBF6422AB090F00930AEF /* Release */ = {
			isa = XCBuildConfiguration;
			buildSettings = {
				ALWAYS_EMBED_SWIFT_STANDARD_LIBRARIES = YES;
				CODE_SIGN_STYLE = Automatic;
				DEVELOPMENT_TEAM = 627YPSFA5B;
				INFOPLIST_FILE = "Hello WorldUITests/Info.plist";
				LD_RUNPATH_SEARCH_PATHS = (
					"$(inherited)",
					"@executable_path/Frameworks",
					"@loader_path/Frameworks",
				);
				PRODUCT_BUNDLE_IDENTIFIER = "edu.missouri.Hello-WorldUITests";
				PRODUCT_NAME = "$(TARGET_NAME)";
				SWIFT_VERSION = 5.0;
				TARGETED_DEVICE_FAMILY = "1,2";
				TEST_TARGET_NAME = "Hello World";
			};
			name = Release;
		};
/* End XCBuildConfiguration section */

/* Begin XCConfigurationList section */
		8D3EBF3A22AB090E00930AEF /* Build configuration list for PBXProject "Hello World" */ = {
			isa = XCConfigurationList;
			buildConfigurations = (
				8D3EBF5D22AB090F00930AEF /* Debug */,
				8D3EBF5E22AB090F00930AEF /* Release */,
			);
			defaultConfigurationIsVisible = 0;
			defaultConfigurationName = Release;
		};
		8D3EBF5F22AB090F00930AEF /* Build configuration list for PBXNativeTarget "Hello World" */ = {
			isa = XCConfigurationList;
			buildConfigurations = (
				8D3EBF6022AB090F00930AEF /* Debug */,
				8D3EBF6122AB090F00930AEF /* Release */,
			);
			defaultConfigurationIsVisible = 0;
			defaultConfigurationName = Release;
		};
		8D3EBF6222AB090F00930AEF /* Build configuration list for PBXNativeTarget "Hello WorldUITests" */ = {
			isa = XCConfigurationList;
			buildConfigurations = (
				8D3EBF6322AB090F00930AEF /* Debug */,
				8D3EBF6422AB090F00930AEF /* Release */,
			);
			defaultConfigurationIsVisible = 0;
			defaultConfigurationName = Release;
		};
/* End XCConfigurationList section */

/* Begin XCVersionGroup section */
		8D3EBF4922AB090E00930AEF /* Hello_World.xcdatamodeld */ = {
			isa = XCVersionGroup;
			children = (
				8D3EBF4A22AB090E00930AEF /* Hello_World.xcdatamodel */,
			);
			currentVersion = 8D3EBF4A22AB090E00930AEF /* Hello_World.xcdatamodel */;
			path = Hello_World.xcdatamodeld;
			sourceTree = "<group>";
			versionGroupType = wrapper.xcdatamodel;
		};
/* End XCVersionGroup section */
	};
	rootObject = 8D3EBF3722AB090E00930AEF /* Project object */;
}
